// !$*UTF8*$!
{
	archiveVersion = 1;
	classes = {
	};
	objectVersion = 50;
	objects = {

/* Begin PBXBuildFile section */
		74FF290324F1530400B22928 /* AppDelegate.swift in Sources */ = {isa = PBXBuildFile; fileRef = 74FF290224F1530400B22928 /* AppDelegate.swift */; };
		74FF290524F1530400B22928 /* SceneDelegate.swift in Sources */ = {isa = PBXBuildFile; fileRef = 74FF290424F1530400B22928 /* SceneDelegate.swift */; };
		74FF290724F1530400B22928 /* ViewController.swift in Sources */ = {isa = PBXBuildFile; fileRef = 74FF290624F1530400B22928 /* ViewController.swift */; };
		74FF290A24F1530400B22928 /* Main.storyboard in Resources */ = {isa = PBXBuildFile; fileRef = 74FF290824F1530400B22928 /* Main.storyboard */; };
		74FF290D24F1530400B22928 /* DangerTest.xcdatamodeld in Sources */ = {isa = PBXBuildFile; fileRef = 74FF290B24F1530400B22928 /* DangerTest.xcdatamodeld */; };
		74FF290F24F1530600B22928 /* Assets.xcassets in Resources */ = {isa = PBXBuildFile; fileRef = 74FF290E24F1530600B22928 /* Assets.xcassets */; };
		74FF291224F1530600B22928 /* LaunchScreen.storyboard in Resources */ = {isa = PBXBuildFile; fileRef = 74FF291024F1530600B22928 /* LaunchScreen.storyboard */; };
/* End PBXBuildFile section */

/* Begin PBXFileReference section */
		74FF28FF24F1530400B22928 /* DangerTest.app */ = {isa = PBXFileReference; explicitFileType = wrapper.application; includeInIndex = 0; path = DangerTest.app; sourceTree = BUILT_PRODUCTS_DIR; };
		74FF290224F1530400B22928 /* AppDelegate.swift */ = {isa = PBXFileReference; lastKnownFileType = sourcecode.swift; path = AppDelegate.swift; sourceTree = "<group>"; };
		74FF290424F1530400B22928 /* SceneDelegate.swift */ = {isa = PBXFileReference; lastKnownFileType = sourcecode.swift; path = SceneDelegate.swift; sourceTree = "<group>"; };
		74FF290624F1530400B22928 /* ViewController.swift */ = {isa = PBXFileReference; lastKnownFileType = sourcecode.swift; path = ViewController.swift; sourceTree = "<group>"; };
		74FF290924F1530400B22928 /* Base */ = {isa = PBXFileReference; lastKnownFileType = file.storyboard; name = Base; path = Base.lproj/Main.storyboard; sourceTree = "<group>"; };
		74FF290C24F1530400B22928 /* DangerTest.xcdatamodel */ = {isa = PBXFileReference; lastKnownFileType = wrapper.xcdatamodel; path = DangerTest.xcdatamodel; sourceTree = "<group>"; };
		74FF290E24F1530600B22928 /* Assets.xcassets */ = {isa = PBXFileReference; lastKnownFileType = folder.assetcatalog; path = Assets.xcassets; sourceTree = "<group>"; };
		74FF291124F1530600B22928 /* Base */ = {isa = PBXFileReference; lastKnownFileType = file.storyboard; name = Base; path = Base.lproj/LaunchScreen.storyboard; sourceTree = "<group>"; };
		74FF291324F1530600B22928 /* Info.plist */ = {isa = PBXFileReference; lastKnownFileType = text.plist.xml; path = Info.plist; sourceTree = "<group>"; };
/* End PBXFileReference section */

/* Begin PBXFrameworksBuildPhase section */
		74FF28FC24F1530400B22928 /* Frameworks */ = {
			isa = PBXFrameworksBuildPhase;
			buildActionMask = 2147483647;
			files = (
			);
			runOnlyForDeploymentPostprocessing = 0;
		};
/* End PBXFrameworksBuildPhase section */

/* Begin PBXGroup section */
		74FF28F624F1530400B22928 = {
			isa = PBXGroup;
			children = (
				74FF290124F1530400B22928 /* DangerTest */,
				74FF290024F1530400B22928 /* Products */,
			);
			sourceTree = "<group>";
		};
		74FF290024F1530400B22928 /* Products */ = {
			isa = PBXGroup;
			children = (
				74FF28FF24F1530400B22928 /* DangerTest.app */,
			);
			name = Products;
			sourceTree = "<group>";
		};
		74FF290124F1530400B22928 /* DangerTest */ = {
			isa = PBXGroup;
			children = (
				74FF290224F1530400B22928 /* AppDelegate.swift */,
				74FF290424F1530400B22928 /* SceneDelegate.swift */,
				74FF290624F1530400B22928 /* ViewController.swift */,
				74FF290824F1530400B22928 /* Main.storyboard */,
				74FF290E24F1530600B22928 /* Assets.xcassets */,
				74FF291024F1530600B22928 /* LaunchScreen.storyboard */,
				74FF291324F1530600B22928 /* Info.plist */,
				74FF290B24F1530400B22928 /* DangerTest.xcdatamodeld */,
			);
			path = DangerTest;
			sourceTree = "<group>";
		};
/* End PBXGroup section */

/* Begin PBXNativeTarget section */
		74FF28FE24F1530400B22928 /* DangerTest */ = {
			isa = PBXNativeTarget;
			buildConfigurationList = 74FF291624F1530600B22928 /* Build configuration list for PBXNativeTarget "DangerTest" */;
			buildPhases = (
				74FF28FB24F1530400B22928 /* Sources */,
				74FF28FC24F1530400B22928 /* Frameworks */,
				74FF28FD24F1530400B22928 /* Resources */,
			);
			buildRules = (
			);
			dependencies = (
			);
			name = DangerTest;
			productName = DangerTest;
			productReference = 74FF28FF24F1530400B22928 /* DangerTest.app */;
			productType = "com.apple.product-type.application";
		};
/* End PBXNativeTarget section */

/* Begin PBXProject section */
		74FF28F724F1530400B22928 /* Project object */ = {
			isa = PBXProject;
			attributes = {
				LastSwiftUpdateCheck = 1160;
				LastUpgradeCheck = 1160;
				ORGANIZATIONNAME = "Mikhail Borisov";
				TargetAttributes = {
					74FF28FE24F1530400B22928 = {
						CreatedOnToolsVersion = 11.6;
					};
				};
			};
			buildConfigurationList = 74FF28FA24F1530400B22928 /* Build configuration list for PBXProject "DangerTest" */;
			compatibilityVersion = "Xcode 9.3";
			developmentRegion = en;
			hasScannedForEncodings = 0;
			knownRegions = (
				en,
				Base,
			);
			mainGroup = 74FF28F624F1530400B22928;
			productRefGroup = 74FF290024F1530400B22928 /* Products */;
			projectDirPath = "";
			projectRoot = "";
			targets = (
				74FF28FE24F1530400B22928 /* DangerTest */,
			);
		};
/* End PBXProject section */

/* Begin PBXResourcesBuildPhase section */
		74FF28FD24F1530400B22928 /* Resources */ = {
			isa = PBXResourcesBuildPhase;
			buildActionMask = 2147483647;
			files = (
				74FF291224F1530600B22928 /* LaunchScreen.storyboard in Resources */,
				74FF290F24F1530600B22928 /* Assets.xcassets in Resources */,
				74FF290A24F1530400B22928 /* Main.storyboard in Resources */,
			);
			runOnlyForDeploymentPostprocessing = 0;
		};
/* End PBXResourcesBuildPhase section */

/* Begin PBXSourcesBuildPhase section */
		74FF28FB24F1530400B22928 /* Sources */ = {
			isa = PBXSourcesBuildPhase;
			buildActionMask = 2147483647;
			files = (
				74FF290D24F1530400B22928 /* DangerTest.xcdatamodeld in Sources */,
				74FF290724F1530400B22928 /* ViewController.swift in Sources */,
				74FF290324F1530400B22928 /* AppDelegate.swift in Sources */,
				74FF290524F1530400B22928 /* SceneDelegate.swift in Sources */,
			);
			runOnlyForDeploymentPostprocessing = 0;
		};
/* End PBXSourcesBuildPhase section */

/* Begin PBXVariantGroup section */
		74FF290824F1530400B22928 /* Main.storyboard */ = {
			isa = PBXVariantGroup;
			children = (
				74FF290924F1530400B22928 /* Base */,
			);
			name = Main.storyboard;
			sourceTree = "<group>";
		};
		74FF291024F1530600B22928 /* LaunchScreen.storyboard */ = {
			isa = PBXVariantGroup;
			children = (
				74FF291124F1530600B22928 /* Base */,
			);
			name = LaunchScreen.storyboard;
			sourceTree = "<group>";
		};
/* End PBXVariantGroup section */

/* Begin XCBuildConfiguration section */
		74FF291424F1530600B22928 /* Debug */ = {
			isa = XCBuildConfiguration;
			buildSettings = {
				ALWAYS_SEARCH_USER_PATHS = NO;
				CLANG_ANALYZER_NONNULL = YES;
				CLANG_ANALYZER_NUMBER_OBJECT_CONVERSION = YES_AGGRESSIVE;
				CLANG_CXX_LANGUAGE_STANDARD = "gnu++14";
				CLANG_CXX_LIBRARY = "libc++";
				CLANG_ENABLE_MODULES = YES;
				CLANG_ENABLE_OBJC_ARC = YES;
				CLANG_ENABLE_OBJC_WEAK = YES;
				CLANG_WARN_BLOCK_CAPTURE_AUTORELEASING = YES;
				CLANG_WARN_BOOL_CONVERSION = YES;
				CLANG_WARN_COMMA = YES;
				CLANG_WARN_CONSTANT_CONVERSION = YES;
				CLANG_WARN_DEPRECATED_OBJC_IMPLEMENTATIONS = YES;
				CLANG_WARN_DIRECT_OBJC_ISA_USAGE = YES_ERROR;
				CLANG_WARN_DOCUMENTATION_COMMENTS = YES;
				CLANG_WARN_EMPTY_BODY = YES;
				CLANG_WARN_ENUM_CONVERSION = YES;
				CLANG_WARN_INFINITE_RECURSION = YES;
				CLANG_WARN_INT_CONVERSION = YES;
				CLANG_WARN_NON_LITERAL_NULL_CONVERSION = YES;
				CLANG_WARN_OBJC_IMPLICIT_RETAIN_SELF = YES;
				CLANG_WARN_OBJC_LITERAL_CONVERSION = YES;
				CLANG_WARN_OBJC_ROOT_CLASS = YES_ERROR;
				CLANG_WARN_RANGE_LOOP_ANALYSIS = YES;
				CLANG_WARN_STRICT_PROTOTYPES = YES;
				CLANG_WARN_SUSPICIOUS_MOVE = YES;
				CLANG_WARN_UNGUARDED_AVAILABILITY = YES_AGGRESSIVE;
				CLANG_WARN_UNREACHABLE_CODE = YES;
				CLANG_WARN__DUPLICATE_METHOD_MATCH = YES;
				COPY_PHASE_STRIP = NO;
				DEBUG_INFORMATION_FORMAT = dwarf;
				ENABLE_STRICT_OBJC_MSGSEND = YES;
				ENABLE_TESTABILITY = YES;
				GCC_C_LANGUAGE_STANDARD = gnu11;
				GCC_DYNAMIC_NO_PIC = NO;
				GCC_NO_COMMON_BLOCKS = YES;
				GCC_OPTIMIZATION_LEVEL = 0;
				GCC_PREPROCESSOR_DEFINITIONS = (
					"DEBUG=1",
					"$(inherited)",
				);
				GCC_WARN_64_TO_32_BIT_CONVERSION = YES;
				GCC_WARN_ABOUT_RETURN_TYPE = YES_ERROR;
				GCC_WARN_UNDECLARED_SELECTOR = YES;
				GCC_WARN_UNINITIALIZED_AUTOS = YES_AGGRESSIVE;
				GCC_WARN_UNUSED_FUNCTION = YES;
				GCC_WARN_UNUSED_VARIABLE = YES;
				IPHONEOS_DEPLOYMENT_TARGET = 13.6;
				MTL_ENABLE_DEBUG_INFO = INCLUDE_SOURCE;
				MTL_FAST_MATH = YES;
				ONLY_ACTIVE_ARCH = YES;
				SDKROOT = iphoneos;
				SWIFT_ACTIVE_COMPILATION_CONDITIONS = DEBUG;
				SWIFT_OPTIMIZATION_LEVEL = "-Onone";
			};
			name = Debug;
		};
		74FF291524F1530600B22928 /* Release */ = {
			isa = XCBuildConfiguration;
			buildSettings = {
				ALWAYS_SEARCH_USER_PATHS = NO;
				CLANG_ANALYZER_NONNULL = YES;
				CLANG_ANALYZER_NUMBER_OBJECT_CONVERSION = YES_AGGRESSIVE;
				CLANG_CXX_LANGUAGE_STANDARD = "gnu++14";
				CLANG_CXX_LIBRARY = "libc++";
				CLANG_ENABLE_MODULES = YES;
				CLANG_ENABLE_OBJC_ARC = YES;
				CLANG_ENABLE_OBJC_WEAK = YES;
				CLANG_WARN_BLOCK_CAPTURE_AUTORELEASING = YES;
				CLANG_WARN_BOOL_CONVERSION = YES;
				CLANG_WARN_COMMA = YES;
				CLANG_WARN_CONSTANT_CONVERSION = YES;
				CLANG_WARN_DEPRECATED_OBJC_IMPLEMENTATIONS = YES;
				CLANG_WARN_DIRECT_OBJC_ISA_USAGE = YES_ERROR;
				CLANG_WARN_DOCUMENTATION_COMMENTS = YES;
				CLANG_WARN_EMPTY_BODY = YES;
				CLANG_WARN_ENUM_CONVERSION = YES;
				CLANG_WARN_INFINITE_RECURSION = YES;
				CLANG_WARN_INT_CONVERSION = YES;
				CLANG_WARN_NON_LITERAL_NULL_CONVERSION = YES;
				CLANG_WARN_OBJC_IMPLICIT_RETAIN_SELF = YES;
				CLANG_WARN_OBJC_LITERAL_CONVERSION = YES;
				CLANG_WARN_OBJC_ROOT_CLASS = YES_ERROR;
				CLANG_WARN_RANGE_LOOP_ANALYSIS = YES;
				CLANG_WARN_STRICT_PROTOTYPES = YES;
				CLANG_WARN_SUSPICIOUS_MOVE = YES;
				CLANG_WARN_UNGUARDED_AVAILABILITY = YES_AGGRESSIVE;
				CLANG_WARN_UNREACHABLE_CODE = YES;
				CLANG_WARN__DUPLICATE_METHOD_MATCH = YES;
				COPY_PHASE_STRIP = NO;
				DEBUG_INFORMATION_FORMAT = "dwarf-with-dsym";
				ENABLE_NS_ASSERTIONS = NO;
				ENABLE_STRICT_OBJC_MSGSEND = YES;
				GCC_C_LANGUAGE_STANDARD = gnu11;
				GCC_NO_COMMON_BLOCKS = YES;
				GCC_WARN_64_TO_32_BIT_CONVERSION = YES;
				GCC_WARN_ABOUT_RETURN_TYPE = YES_ERROR;
				GCC_WARN_UNDECLARED_SELECTOR = YES;
				GCC_WARN_UNINITIALIZED_AUTOS = YES_AGGRESSIVE;
				GCC_WARN_UNUSED_FUNCTION = YES;
				GCC_WARN_UNUSED_VARIABLE = YES;
				IPHONEOS_DEPLOYMENT_TARGET = 13.6;
				MTL_ENABLE_DEBUG_INFO = NO;
				MTL_FAST_MATH = YES;
				SDKROOT = iphoneos;
				SWIFT_COMPILATION_MODE = wholemodule;
				SWIFT_OPTIMIZATION_LEVEL = "-O";
				VALIDATE_PRODUCT = YES;
			};
			name = Release;
		};
		74FF291724F1530600B22928 /* Debug */ = {
			isa = XCBuildConfiguration;
			buildSettings = {
				ASSETCATALOG_COMPILER_APPICON_NAME = AppIcon;
				CODE_SIGN_STYLE = Automatic;
				DEVELOPMENT_TEAM = 4GB4E68ZU6;
				INFOPLIST_FILE = DangerTest/Info.plist;
				LD_RUNPATH_SEARCH_PATHS = (
					"$(inherited)",
					"@executable_path/Frameworks",
				);
				PRODUCT_BUNDLE_IDENTIFIER = com.dsgnmike.subscribify.DangerTest;
				PRODUCT_NAME = "$(TARGET_NAME)";
				SWIFT_VERSION = 5.0;
				TARGETED_DEVICE_FAMILY = "1,2";
			};
			name = Debug;
		};
		74FF291824F1530600B22928 /* Release */ = {
			isa = XCBuildConfiguration;
			buildSettings = {
				ASSETCATALOG_COMPILER_APPICON_NAME = AppIcon;
				CODE_SIGN_STYLE = Automatic;
				DEVELOPMENT_TEAM = 4GB4E68ZU6;
				INFOPLIST_FILE = DangerTest/Info.plist;
				LD_RUNPATH_SEARCH_PATHS = (
					"$(inherited)",
					"@executable_path/Frameworks",
				);
				PRODUCT_BUNDLE_IDENTIFIER = com.dsgnmike.subscribify.DangerTest;
				PRODUCT_NAME = "$(TARGET_NAME)";
				SWIFT_VERSION = 5.0;
				TARGETED_DEVICE_FAMILY = "1,2";
			};
			name = Release;
		};
/* End XCBuildConfiguration section */

/* Begin XCConfigurationList section */
		74FF28FA24F1530400B22928 /* Build configuration list for PBXProject "DangerTest" */ = {
			isa = XCConfigurationList;
			buildConfigurations = (
				74FF291424F1530600B22928 /* Debug */,
				74FF291524F1530600B22928 /* Release */,
			);
			defaultConfigurationIsVisible = 0;
			defaultConfigurationName = Release;
		};
		74FF291624F1530600B22928 /* Build configuration list for PBXNativeTarget "DangerTest" */ = {
			isa = XCConfigurationList;
			buildConfigurations = (
				74FF291724F1530600B22928 /* Debug */,
				74FF291824F1530600B22928 /* Release */,
			);
			defaultConfigurationIsVisible = 0;
			defaultConfigurationName = Release;
		};
/* End XCConfigurationList section */

/* Begin XCVersionGroup section */
		74FF290B24F1530400B22928 /* DangerTest.xcdatamodeld */ = {
			isa = XCVersionGroup;
			children = (
				74FF290C24F1530400B22928 /* DangerTest.xcdatamodel */,
			);
			currentVersion = 74FF290C24F1530400B22928 /* DangerTest.xcdatamodel */;
			path = DangerTest.xcdatamodeld;
			sourceTree = "<group>";
			versionGroupType = wrapper.xcdatamodel;
		};
/* End XCVersionGroup section */
	};
	rootObject = 74FF28F724F1530400B22928 /* Project object */;
}
